
Microsoft Visual Studio Solution File, Format Version 12.00
# Visual Studio Version 16
VisualStudioVersion = 16.0.29911.84
MinimumVisualStudioVersion = 10.0.40219.1
Project("{FAE04EC0-301F-11D3-BF4B-00C04F79EFBC}") = "MovieManagement", "MovieManagement.csproj", "{EC311CA8-2EFD-4AEA-9D5E-BC146021BC3C}"
EndProject
Global
	GlobalSection(SolutionConfigurationPlatforms) = preSolution
		Debug|Any CPU = Debug|Any CPU
		Release|Any CPU = Release|Any CPU
	EndGlobalSection
	GlobalSection(ProjectConfigurationPlatforms) = postSolution
		{EC311CA8-2EFD-4AEA-9D5E-BC146021BC3C}.Debug|Any CPU.ActiveCfg = Debug|Any CPU
		{EC311CA8-2EFD-4AEA-9D5E-BC146021BC3C}.Debug|Any CPU.Build.0 = Debug|Any CPU
		{EC311CA8-2EFD-4AEA-9D5E-BC146021BC3C}.Release|Any CPU.ActiveCfg = Release|Any CPU
		{EC311CA8-2EFD-4AEA-9D5E-BC146021BC3C}.Release|Any CPU.Build.0 = Release|Any CPU
	EndGlobalSection
	GlobalSection(SolutionProperties) = preSolution
		HideSolutionNode = FALSE
	EndGlobalSection
	GlobalSection(ExtensibilityGlobals) = postSolution
		SolutionGuid = {A0B83261-BF92-4301-8924-828CA90607B0}
	EndGlobalSection
EndGlobal
